
Microsoft Visual Studio Solution File, Format Version 12.00
# Visual Studio Version 17
VisualStudioVersion = 17.8.34511.84
MinimumVisualStudioVersion = 10.0.40219.1
Project("{FAE04EC0-301F-11D3-BF4B-00C04F79EFBC}") = "Films_Android_IOS", "Films_Android_IOS\Films_Android_IOS.csproj", "{FB69D9E0-31A2-4C44-96E9-956DD68BA55A}"
EndProject
Global
	GlobalSection(SolutionConfigurationPlatforms) = preSolution
		Debug|Any CPU = Debug|Any CPU
		Release|Any CPU = Release|Any CPU
	EndGlobalSection
	GlobalSection(ProjectConfigurationPlatforms) = postSolution
		{FB69D9E0-31A2-4C44-96E9-956DD68BA55A}.Debug|Any CPU.ActiveCfg = Debug|Any CPU
		{FB69D9E0-31A2-4C44-96E9-956DD68BA55A}.Debug|Any CPU.Build.0 = Debug|Any CPU
		{FB69D9E0-31A2-4C44-96E9-956DD68BA55A}.Debug|Any CPU.Deploy.0 = Debug|Any CPU
		{FB69D9E0-31A2-4C44-96E9-956DD68BA55A}.Release|Any CPU.ActiveCfg = Release|Any CPU
		{FB69D9E0-31A2-4C44-96E9-956DD68BA55A}.Release|Any CPU.Build.0 = Release|Any CPU
		{FB69D9E0-31A2-4C44-96E9-956DD68BA55A}.Release|Any CPU.Deploy.0 = Release|Any CPU
	EndGlobalSection
	GlobalSection(SolutionProperties) = preSolution
		HideSolutionNode = FALSE
	EndGlobalSection
	GlobalSection(ExtensibilityGlobals) = postSolution
		SolutionGuid = {6F8F12FB-3EAA-44BE-9071-6F0FCB80DD57}
	EndGlobalSection
EndGlobal
